
Microsoft Visual Studio Solution File, Format Version 12.00
# Visual Studio Version 16
VisualStudioVersion = 16.0.31112.23
MinimumVisualStudioVersion = 10.0.40219.1
Project("{FAE04EC0-301F-11D3-BF4B-00C04F79EFBC}") = "MervsTools", "MervsTools.csproj", "{70F2FECA-0A43-42D2-A496-444BCF5EF44F}"
EndProject
Project("{2150E333-8FDC-42A3-9474-1A3956D46DE8}") = "Solution Items", "Solution Items", "{C169DC0D-E13E-4221-B034-F15E6A961AFB}"
EndProject
Global
	GlobalSection(SolutionConfigurationPlatforms) = preSolution
		Debug|Any CPU = Debug|Any CPU
		Release|Any CPU = Release|Any CPU
	EndGlobalSection
	GlobalSection(ProjectConfigurationPlatforms) = postSolution
		{70F2FECA-0A43-42D2-A496-444BCF5EF44F}.Debug|Any CPU.ActiveCfg = Debug|Any CPU
		{70F2FECA-0A43-42D2-A496-444BCF5EF44F}.Debug|Any CPU.Build.0 = Debug|Any CPU
		{70F2FECA-0A43-42D2-A496-444BCF5EF44F}.Release|Any CPU.ActiveCfg = Release|Any CPU
		{70F2FECA-0A43-42D2-A496-444BCF5EF44F}.Release|Any CPU.Build.0 = Release|Any CPU
	EndGlobalSection
	GlobalSection(SolutionProperties) = preSolution
		HideSolutionNode = FALSE
	EndGlobalSection
	GlobalSection(ExtensibilityGlobals) = postSolution
		SolutionGuid = {3715FC3D-1DC8-4392-92BB-B7A07B1B18CE}
	EndGlobalSection
EndGlobal
